
Microsoft Visual Studio Solution File, Format Version 12.00
# Visual Studio 2012
Project("{FAE04EC0-301F-11D3-BF4B-00C04F79EFBC}") = "IKnowThatFlag", "IKnowThatFlag\IKnowThatFlag.csproj", "{E3CEC410-A0DA-4D8C-BC4A-C75E5A024AF9}"
EndProject
Project("{FAE04EC0-301F-11D3-BF4B-00C04F79EFBC}") = "IKnowThatFlag.iOS", "iOS\IKnowThatFlag.iOS.csproj", "{35C3094B-236C-4F73-B240-AA559866AB6B}"
EndProject
Project("{FAE04EC0-301F-11D3-BF4B-00C04F79EFBC}") = "IKnowThatFlag.Droid", "Droid\IKnowThatFlag.Droid.csproj", "{D7E7D0F5-43C2-4312-9329-9D056562BFB5}"
EndProject
Global
	GlobalSection(SolutionConfigurationPlatforms) = preSolution
		Debug|Any CPU = Debug|Any CPU
		Release|Any CPU = Release|Any CPU
		Debug|iPhoneSimulator = Debug|iPhoneSimulator
		Release|iPhone = Release|iPhone
		Release|iPhoneSimulator = Release|iPhoneSimulator
		Debug|iPhone = Debug|iPhone
	EndGlobalSection
	GlobalSection(ProjectConfigurationPlatforms) = postSolution
		{E3CEC410-A0DA-4D8C-BC4A-C75E5A024AF9}.Debug|Any CPU.ActiveCfg = Debug|Any CPU
		{E3CEC410-A0DA-4D8C-BC4A-C75E5A024AF9}.Debug|Any CPU.Build.0 = Debug|Any CPU
		{E3CEC410-A0DA-4D8C-BC4A-C75E5A024AF9}.Release|Any CPU.ActiveCfg = Release|Any CPU
		{E3CEC410-A0DA-4D8C-BC4A-C75E5A024AF9}.Release|Any CPU.Build.0 = Release|Any CPU
		{E3CEC410-A0DA-4D8C-BC4A-C75E5A024AF9}.Debug|iPhoneSimulator.ActiveCfg = Debug|Any CPU
		{E3CEC410-A0DA-4D8C-BC4A-C75E5A024AF9}.Debug|iPhoneSimulator.Build.0 = Debug|Any CPU
		{E3CEC410-A0DA-4D8C-BC4A-C75E5A024AF9}.Release|iPhone.ActiveCfg = Release|Any CPU
		{E3CEC410-A0DA-4D8C-BC4A-C75E5A024AF9}.Release|iPhone.Build.0 = Release|Any CPU
		{E3CEC410-A0DA-4D8C-BC4A-C75E5A024AF9}.Release|iPhoneSimulator.ActiveCfg = Release|Any CPU
		{E3CEC410-A0DA-4D8C-BC4A-C75E5A024AF9}.Release|iPhoneSimulator.Build.0 = Release|Any CPU
		{E3CEC410-A0DA-4D8C-BC4A-C75E5A024AF9}.Debug|iPhone.ActiveCfg = Debug|Any CPU
		{E3CEC410-A0DA-4D8C-BC4A-C75E5A024AF9}.Debug|iPhone.Build.0 = Debug|Any CPU
		{35C3094B-236C-4F73-B240-AA559866AB6B}.Debug|Any CPU.ActiveCfg = Debug|iPhoneSimulator
		{35C3094B-236C-4F73-B240-AA559866AB6B}.Debug|Any CPU.Build.0 = Debug|iPhoneSimulator
		{35C3094B-236C-4F73-B240-AA559866AB6B}.Release|Any CPU.ActiveCfg = Release|iPhone
		{35C3094B-236C-4F73-B240-AA559866AB6B}.Release|Any CPU.Build.0 = Release|iPhone
		{35C3094B-236C-4F73-B240-AA559866AB6B}.Debug|iPhoneSimulator.ActiveCfg = Debug|iPhoneSimulator
		{35C3094B-236C-4F73-B240-AA559866AB6B}.Debug|iPhoneSimulator.Build.0 = Debug|iPhoneSimulator
		{35C3094B-236C-4F73-B240-AA559866AB6B}.Release|iPhone.ActiveCfg = Release|iPhone
		{35C3094B-236C-4F73-B240-AA559866AB6B}.Release|iPhone.Build.0 = Release|iPhone
		{35C3094B-236C-4F73-B240-AA559866AB6B}.Release|iPhoneSimulator.ActiveCfg = Release|iPhoneSimulator
		{35C3094B-236C-4F73-B240-AA559866AB6B}.Release|iPhoneSimulator.Build.0 = Release|iPhoneSimulator
		{35C3094B-236C-4F73-B240-AA559866AB6B}.Debug|iPhone.ActiveCfg = Debug|iPhone
		{35C3094B-236C-4F73-B240-AA559866AB6B}.Debug|iPhone.Build.0 = Debug|iPhone
		{D7E7D0F5-43C2-4312-9329-9D056562BFB5}.Debug|Any CPU.ActiveCfg = Debug|Any CPU
		{D7E7D0F5-43C2-4312-9329-9D056562BFB5}.Debug|Any CPU.Build.0 = Debug|Any CPU
		{D7E7D0F5-43C2-4312-9329-9D056562BFB5}.Release|Any CPU.ActiveCfg = Release|Any CPU
		{D7E7D0F5-43C2-4312-9329-9D056562BFB5}.Release|Any CPU.Build.0 = Release|Any CPU
		{D7E7D0F5-43C2-4312-9329-9D056562BFB5}.Debug|iPhoneSimulator.ActiveCfg = Debug|Any CPU
		{D7E7D0F5-43C2-4312-9329-9D056562BFB5}.Debug|iPhoneSimulator.Build.0 = Debug|Any CPU
		{D7E7D0F5-43C2-4312-9329-9D056562BFB5}.Release|iPhone.ActiveCfg = Release|Any CPU
		{D7E7D0F5-43C2-4312-9329-9D056562BFB5}.Release|iPhone.Build.0 = Release|Any CPU
		{D7E7D0F5-43C2-4312-9329-9D056562BFB5}.Release|iPhoneSimulator.ActiveCfg = Release|Any CPU
		{D7E7D0F5-43C2-4312-9329-9D056562BFB5}.Release|iPhoneSimulator.Build.0 = Release|Any CPU
		{D7E7D0F5-43C2-4312-9329-9D056562BFB5}.Debug|iPhone.ActiveCfg = Debug|Any CPU
		{D7E7D0F5-43C2-4312-9329-9D056562BFB5}.Debug|iPhone.Build.0 = Debug|Any CPU
	EndGlobalSection
EndGlobal
